
Microsoft Visual Studio Solution File, Format Version 12.00
# Visual Studio Version 16
VisualStudioVersion = 25.0.1700.0
MinimumVisualStudioVersion = 10.0.40219.1
Project("{FAE04EC0-301F-11D3-BF4B-00C04F79EFBC}") = "holiday", "holiday\holiday.csproj", "{5B529528-8450-4210-8316-4AC8A7B23EBA}"
EndProject
Global
	GlobalSection(SolutionConfigurationPlatforms) = preSolution
		Debug|Any CPU = Debug|Any CPU
		Release|Any CPU = Release|Any CPU
	EndGlobalSection
	GlobalSection(ProjectConfigurationPlatforms) = postSolution
		{5B529528-8450-4210-8316-4AC8A7B23EBA}.Debug|Any CPU.ActiveCfg = Debug|Any CPU
		{5B529528-8450-4210-8316-4AC8A7B23EBA}.Debug|Any CPU.Build.0 = Debug|Any CPU
		{5B529528-8450-4210-8316-4AC8A7B23EBA}.Release|Any CPU.ActiveCfg = Release|Any CPU
		{5B529528-8450-4210-8316-4AC8A7B23EBA}.Release|Any CPU.Build.0 = Release|Any CPU
	EndGlobalSection
	GlobalSection(SolutionProperties) = preSolution
		HideSolutionNode = FALSE
	EndGlobalSection
	GlobalSection(ExtensibilityGlobals) = postSolution
		SolutionGuid = {D64F628C-CB16-46F8-8F2C-34BBB4F2A73E}
	EndGlobalSection
EndGlobal
